
Microsoft Visual Studio Solution File, Format Version 12.00
# Visual Studio 15
VisualStudioVersion = 15.0.27428.2043
MinimumVisualStudioVersion = 10.0.40219.1
Project("{8BC9CEB8-8B4A-11D0-8D11-00A0C91BC942}") = "WindowsSoundManger3.0", "WindowsSoundManger3.0\WindowsSoundManger3.0.vcxproj", "{007FA576-E51F-4363-A1C1-8678D2BD61FC}"
EndProject
Global
	GlobalSection(SolutionConfigurationPlatforms) = preSolution
		Debug|x64 = Debug|x64
		Debug|x86 = Debug|x86
		Release|x64 = Release|x64
		Release|x86 = Release|x86
	EndGlobalSection
	GlobalSection(ProjectConfigurationPlatforms) = postSolution
		{007FA576-E51F-4363-A1C1-8678D2BD61FC}.Debug|x64.ActiveCfg = Debug|x64
		{007FA576-E51F-4363-A1C1-8678D2BD61FC}.Debug|x64.Build.0 = Debug|x64
		{007FA576-E51F-4363-A1C1-8678D2BD61FC}.Debug|x86.ActiveCfg = Debug|Win32
		{007FA576-E51F-4363-A1C1-8678D2BD61FC}.Debug|x86.Build.0 = Debug|Win32
		{007FA576-E51F-4363-A1C1-8678D2BD61FC}.Release|x64.ActiveCfg = Release|x64
		{007FA576-E51F-4363-A1C1-8678D2BD61FC}.Release|x64.Build.0 = Release|x64
		{007FA576-E51F-4363-A1C1-8678D2BD61FC}.Release|x86.ActiveCfg = Release|Win32
		{007FA576-E51F-4363-A1C1-8678D2BD61FC}.Release|x86.Build.0 = Release|Win32
	EndGlobalSection
	GlobalSection(SolutionProperties) = preSolution
		HideSolutionNode = FALSE
	EndGlobalSection
	GlobalSection(ExtensibilityGlobals) = postSolution
		SolutionGuid = {C73E586F-7FBE-4908-AD03-D7C940166210}
	EndGlobalSection
EndGlobal
